
Microsoft Visual Studio Solution File, Format Version 12.00
# Visual Studio Version 16
VisualStudioVersion = 16.0.33920.266
MinimumVisualStudioVersion = 10.0.40219.1
Project("{FAE04EC0-301F-11D3-BF4B-00C04F79EFBC}") = "AspNetCoreIdentity", "AspNetCoreIdentity.csproj", "{991F15D0-3CED-4DCA-95E3-7EF9C651332F}"
EndProject
Global
	GlobalSection(SolutionConfigurationPlatforms) = preSolution
		Debug|Any CPU = Debug|Any CPU
		Release|Any CPU = Release|Any CPU
	EndGlobalSection
	GlobalSection(ProjectConfigurationPlatforms) = postSolution
		{991F15D0-3CED-4DCA-95E3-7EF9C651332F}.Debug|Any CPU.ActiveCfg = Debug|Any CPU
		{991F15D0-3CED-4DCA-95E3-7EF9C651332F}.Debug|Any CPU.Build.0 = Debug|Any CPU
		{991F15D0-3CED-4DCA-95E3-7EF9C651332F}.Release|Any CPU.ActiveCfg = Release|Any CPU
		{991F15D0-3CED-4DCA-95E3-7EF9C651332F}.Release|Any CPU.Build.0 = Release|Any CPU
	EndGlobalSection
	GlobalSection(SolutionProperties) = preSolution
		HideSolutionNode = FALSE
	EndGlobalSection
	GlobalSection(ExtensibilityGlobals) = postSolution
		SolutionGuid = {5A0F0918-0CB1-4E54-B85B-92DBC9B9E628}
	EndGlobalSection
EndGlobal
